
Microsoft Visual Studio Solution File, Format Version 12.00
# Visual Studio 2012
Project("{FAE04EC0-301F-11D3-BF4B-00C04F79EFBC}") = "RoyalRoute", "RoyalRoute\RoyalRoute.csproj", "{4FA3892A-1AF2-40D4-AA60-AC7C70FD8E5B}"
EndProject
Project("{FAE04EC0-301F-11D3-BF4B-00C04F79EFBC}") = "BLL", "BLL\BLL.csproj", "{0CD8896D-48F1-4910-AD23-FB975F9368B7}"
EndProject
Project("{FAE04EC0-301F-11D3-BF4B-00C04F79EFBC}") = "DAL", "DAL\DAL.csproj", "{42A15B69-7826-4E87-8027-9C711FEA86BC}"
EndProject
Global
	GlobalSection(SolutionConfigurationPlatforms) = preSolution
		Debug|Any CPU = Debug|Any CPU
		Release|Any CPU = Release|Any CPU
	EndGlobalSection
	GlobalSection(ProjectConfigurationPlatforms) = postSolution
		{4FA3892A-1AF2-40D4-AA60-AC7C70FD8E5B}.Debug|Any CPU.ActiveCfg = Debug|Any CPU
		{4FA3892A-1AF2-40D4-AA60-AC7C70FD8E5B}.Debug|Any CPU.Build.0 = Debug|Any CPU
		{4FA3892A-1AF2-40D4-AA60-AC7C70FD8E5B}.Release|Any CPU.ActiveCfg = Release|Any CPU
		{4FA3892A-1AF2-40D4-AA60-AC7C70FD8E5B}.Release|Any CPU.Build.0 = Release|Any CPU
		{0CD8896D-48F1-4910-AD23-FB975F9368B7}.Debug|Any CPU.ActiveCfg = Debug|Any CPU
		{0CD8896D-48F1-4910-AD23-FB975F9368B7}.Debug|Any CPU.Build.0 = Debug|Any CPU
		{0CD8896D-48F1-4910-AD23-FB975F9368B7}.Release|Any CPU.ActiveCfg = Release|Any CPU
		{0CD8896D-48F1-4910-AD23-FB975F9368B7}.Release|Any CPU.Build.0 = Release|Any CPU
		{42A15B69-7826-4E87-8027-9C711FEA86BC}.Debug|Any CPU.ActiveCfg = Debug|Any CPU
		{42A15B69-7826-4E87-8027-9C711FEA86BC}.Debug|Any CPU.Build.0 = Debug|Any CPU
		{42A15B69-7826-4E87-8027-9C711FEA86BC}.Release|Any CPU.ActiveCfg = Release|Any CPU
		{42A15B69-7826-4E87-8027-9C711FEA86BC}.Release|Any CPU.Build.0 = Release|Any CPU
	EndGlobalSection
	GlobalSection(SolutionProperties) = preSolution
		HideSolutionNode = FALSE
	EndGlobalSection
EndGlobal
